
Microsoft Visual Studio Solution File, Format Version 12.00
# Visual Studio Version 16
VisualStudioVersion = 16.0.31911.196
MinimumVisualStudioVersion = 10.0.40219.1
Project("{FAE04EC0-301F-11D3-BF4B-00C04F79EFBC}") = "BlackJack", "BlackJack\BlackJack.csproj", "{9A84114A-A101-4EAB-BFB5-C630FE9CB7FE}"
EndProject
Global
	GlobalSection(SolutionConfigurationPlatforms) = preSolution
		Debug|Any CPU = Debug|Any CPU
		Release|Any CPU = Release|Any CPU
	EndGlobalSection
	GlobalSection(ProjectConfigurationPlatforms) = postSolution
		{9A84114A-A101-4EAB-BFB5-C630FE9CB7FE}.Debug|Any CPU.ActiveCfg = Debug|Any CPU
		{9A84114A-A101-4EAB-BFB5-C630FE9CB7FE}.Debug|Any CPU.Build.0 = Debug|Any CPU
		{9A84114A-A101-4EAB-BFB5-C630FE9CB7FE}.Release|Any CPU.ActiveCfg = Release|Any CPU
		{9A84114A-A101-4EAB-BFB5-C630FE9CB7FE}.Release|Any CPU.Build.0 = Release|Any CPU
	EndGlobalSection
	GlobalSection(SolutionProperties) = preSolution
		HideSolutionNode = FALSE
	EndGlobalSection
	GlobalSection(ExtensibilityGlobals) = postSolution
		SolutionGuid = {0C8236A2-2301-4C21-8EE3-2D8F94A582A4}
	EndGlobalSection
EndGlobal
